
Microsoft Visual Studio Solution File, Format Version 12.00
# Visual Studio Version 18
VisualStudioVersion = 18.3.11415.281 d18.3
MinimumVisualStudioVersion = 10.0.40219.1
Project("{FAE04EC0-301F-11D3-BF4B-00C04F79EFBC}") = "LazyRegion.Core", "src\LazyRegion.Core\LazyRegion.Core.csproj", "{B0BEA3AE-E42A-4832-A0AA-5E4DA761F45A}"
EndProject
Project("{FAE04EC0-301F-11D3-BF4B-00C04F79EFBC}") = "LazyRegion.WPF", "src\LazyRegion.WPF\LazyRegion.WPF.csproj", "{93627A9D-D32A-480F-994D-79F1AD963D31}"
EndProject
Project("{FAE04EC0-301F-11D3-BF4B-00C04F79EFBC}") = "LazyRegion.Maui", "src\LazyRegion.Maui\LazyRegion.Maui.csproj", "{1C029AD5-EE30-4AE1-B53C-5957166A4FC2}"
EndProject
Project("{2150E333-8FDC-42A3-9474-1A3956D46DE8}") = "Samples", "Samples", "{C8D5274F-AC00-46C7-1F8D-E88E81087A52}"
EndProject
Project("{FAE04EC0-301F-11D3-BF4B-00C04F79EFBC}") = "RegionManager_1", "src\Sample\RegionManager_1\RegionManager_1.csproj", "{97BBA8FA-AA60-47A4-BF0D-0C43CCC8482B}"
EndProject
Project("{FAE04EC0-301F-11D3-BF4B-00C04F79EFBC}") = "DataTemplateChange", "src\Sample\DataTemplateChange\DataTemplateChange.csproj", "{75E1D130-D244-4D89-99AD-56E9B245B18E}"
EndProject
Project("{FAE04EC0-301F-11D3-BF4B-00C04F79EFBC}") = "SampleScreen", "src\Sample\SampleScreen\SampleScreen.csproj", "{0C05562B-9073-4525-B0FE-E48337A77528}"
EndProject
Project("{FAE04EC0-301F-11D3-BF4B-00C04F79EFBC}") = "RegionManager_2", "src\Sample\RegionManager_2\RegionManager_2.csproj", "{A2C18108-9BEF-4880-8360-75BAAEC45BA7}"
EndProject
Project("{FAE04EC0-301F-11D3-BF4B-00C04F79EFBC}") = "CodeBehind", "src\Sample\CodeBehind\CodeBehind.csproj", "{82F18FE5-BD7C-44D3-A00A-9A62D909EC51}"
EndProject
Project("{FAE04EC0-301F-11D3-BF4B-00C04F79EFBC}") = "RegionManager_InitialFlow", "src\Sample\RegionManager_ConfigureInitalNavigation\RegionManager_InitialFlow.csproj", "{9AB93E2D-86AD-48CB-8729-A9A6C32AA8C8}"
EndProject
Project("{FAE04EC0-301F-11D3-BF4B-00C04F79EFBC}") = "RegionManager_RegionState", "src\Sample\RegionManager_RegionState\RegionManager_RegionState.csproj", "{CD911EB8-9D7F-48F0-9E37-592640076EA8}"
EndProject
Project("{FAE04EC0-301F-11D3-BF4B-00C04F79EFBC}") = "MauiSample", "src\Sample\MauiSample\MauiSample.csproj", "{B8BFCE90-E736-4553-BFF5-688EE06B053C}"
EndProject
Project("{FAE04EC0-301F-11D3-BF4B-00C04F79EFBC}") = "RegionManager_InitialFlow_Then", "src\Sample\RegionManager_InitialFlow_Then\RegionManager_InitialFlow_Then.csproj", "{BF386735-BD58-4D24-B342-066E323E836D}"
EndProject
Project("{FAE04EC0-301F-11D3-BF4B-00C04F79EFBC}") = "RegionManager_New", "src\Sample\RegionManager_New\RegionManager_New.csproj", "{E7938EA6-69BB-420D-BE8F-64B0A057A7FF}"
EndProject
Project("{FAE04EC0-301F-11D3-BF4B-00C04F79EFBC}") = "LazyRegionItemsControlSample", "src\Sample\LazyRegionItemsControlSample\LazyRegionItemsControlSample.csproj", "{A33804E4-5C77-43C2-B80E-F1396B184991}"
EndProject
Global
	GlobalSection(SolutionConfigurationPlatforms) = preSolution
		Debug|Any CPU = Debug|Any CPU
		Release|Any CPU = Release|Any CPU
	EndGlobalSection
	GlobalSection(ProjectConfigurationPlatforms) = postSolution
		{B0BEA3AE-E42A-4832-A0AA-5E4DA761F45A}.Debug|Any CPU.ActiveCfg = Debug|Any CPU
		{B0BEA3AE-E42A-4832-A0AA-5E4DA761F45A}.Debug|Any CPU.Build.0 = Debug|Any CPU
		{B0BEA3AE-E42A-4832-A0AA-5E4DA761F45A}.Release|Any CPU.ActiveCfg = Release|Any CPU
		{B0BEA3AE-E42A-4832-A0AA-5E4DA761F45A}.Release|Any CPU.Build.0 = Release|Any CPU
		{93627A9D-D32A-480F-994D-79F1AD963D31}.Debug|Any CPU.ActiveCfg = Debug|Any CPU
		{93627A9D-D32A-480F-994D-79F1AD963D31}.Debug|Any CPU.Build.0 = Debug|Any CPU
		{93627A9D-D32A-480F-994D-79F1AD963D31}.Release|Any CPU.ActiveCfg = Release|Any CPU
		{93627A9D-D32A-480F-994D-79F1AD963D31}.Release|Any CPU.Build.0 = Release|Any CPU
		{1C029AD5-EE30-4AE1-B53C-5957166A4FC2}.Debug|Any CPU.ActiveCfg = Debug|Any CPU
		{1C029AD5-EE30-4AE1-B53C-5957166A4FC2}.Debug|Any CPU.Build.0 = Debug|Any CPU
		{1C029AD5-EE30-4AE1-B53C-5957166A4FC2}.Release|Any CPU.ActiveCfg = Release|Any CPU
		{1C029AD5-EE30-4AE1-B53C-5957166A4FC2}.Release|Any CPU.Build.0 = Release|Any CPU
		{97BBA8FA-AA60-47A4-BF0D-0C43CCC8482B}.Debug|Any CPU.ActiveCfg = Debug|Any CPU
		{97BBA8FA-AA60-47A4-BF0D-0C43CCC8482B}.Debug|Any CPU.Build.0 = Debug|Any CPU
		{97BBA8FA-AA60-47A4-BF0D-0C43CCC8482B}.Release|Any CPU.ActiveCfg = Release|Any CPU
		{97BBA8FA-AA60-47A4-BF0D-0C43CCC8482B}.Release|Any CPU.Build.0 = Release|Any CPU
		{75E1D130-D244-4D89-99AD-56E9B245B18E}.Debug|Any CPU.ActiveCfg = Debug|Any CPU
		{75E1D130-D244-4D89-99AD-56E9B245B18E}.Debug|Any CPU.Build.0 = Debug|Any CPU
		{75E1D130-D244-4D89-99AD-56E9B245B18E}.Release|Any CPU.ActiveCfg = Release|Any CPU
		{75E1D130-D244-4D89-99AD-56E9B245B18E}.Release|Any CPU.Build.0 = Release|Any CPU
		{0C05562B-9073-4525-B0FE-E48337A77528}.Debug|Any CPU.ActiveCfg = Debug|Any CPU
		{0C05562B-9073-4525-B0FE-E48337A77528}.Debug|Any CPU.Build.0 = Debug|Any CPU
		{0C05562B-9073-4525-B0FE-E48337A77528}.Release|Any CPU.ActiveCfg = Release|Any CPU
		{0C05562B-9073-4525-B0FE-E48337A77528}.Release|Any CPU.Build.0 = Release|Any CPU
		{A2C18108-9BEF-4880-8360-75BAAEC45BA7}.Debug|Any CPU.ActiveCfg = Debug|Any CPU
		{A2C18108-9BEF-4880-8360-75BAAEC45BA7}.Debug|Any CPU.Build.0 = Debug|Any CPU
		{A2C18108-9BEF-4880-8360-75BAAEC45BA7}.Release|Any CPU.ActiveCfg = Release|Any CPU
		{A2C18108-9BEF-4880-8360-75BAAEC45BA7}.Release|Any CPU.Build.0 = Release|Any CPU
		{82F18FE5-BD7C-44D3-A00A-9A62D909EC51}.Debug|Any CPU.ActiveCfg = Debug|Any CPU
		{82F18FE5-BD7C-44D3-A00A-9A62D909EC51}.Debug|Any CPU.Build.0 = Debug|Any CPU
		{82F18FE5-BD7C-44D3-A00A-9A62D909EC51}.Release|Any CPU.ActiveCfg = Release|Any CPU
		{82F18FE5-BD7C-44D3-A00A-9A62D909EC51}.Release|Any CPU.Build.0 = Release|Any CPU
		{9AB93E2D-86AD-48CB-8729-A9A6C32AA8C8}.Debug|Any CPU.ActiveCfg = Debug|Any CPU
		{9AB93E2D-86AD-48CB-8729-A9A6C32AA8C8}.Debug|Any CPU.Build.0 = Debug|Any CPU
		{9AB93E2D-86AD-48CB-8729-A9A6C32AA8C8}.Release|Any CPU.ActiveCfg = Release|Any CPU
		{9AB93E2D-86AD-48CB-8729-A9A6C32AA8C8}.Release|Any CPU.Build.0 = Release|Any CPU
		{CD911EB8-9D7F-48F0-9E37-592640076EA8}.Debug|Any CPU.ActiveCfg = Debug|Any CPU
		{CD911EB8-9D7F-48F0-9E37-592640076EA8}.Debug|Any CPU.Build.0 = Debug|Any CPU
		{CD911EB8-9D7F-48F0-9E37-592640076EA8}.Release|Any CPU.ActiveCfg = Release|Any CPU
		{CD911EB8-9D7F-48F0-9E37-592640076EA8}.Release|Any CPU.Build.0 = Release|Any CPU
		{B8BFCE90-E736-4553-BFF5-688EE06B053C}.Debug|Any CPU.ActiveCfg = Debug|Any CPU
		{B8BFCE90-E736-4553-BFF5-688EE06B053C}.Debug|Any CPU.Build.0 = Debug|Any CPU
		{B8BFCE90-E736-4553-BFF5-688EE06B053C}.Debug|Any CPU.Deploy.0 = Debug|Any CPU
		{B8BFCE90-E736-4553-BFF5-688EE06B053C}.Release|Any CPU.ActiveCfg = Release|Any CPU
		{B8BFCE90-E736-4553-BFF5-688EE06B053C}.Release|Any CPU.Build.0 = Release|Any CPU
		{BF386735-BD58-4D24-B342-066E323E836D}.Debug|Any CPU.ActiveCfg = Debug|Any CPU
		{BF386735-BD58-4D24-B342-066E323E836D}.Debug|Any CPU.Build.0 = Debug|Any CPU
		{BF386735-BD58-4D24-B342-066E323E836D}.Release|Any CPU.ActiveCfg = Release|Any CPU
		{BF386735-BD58-4D24-B342-066E323E836D}.Release|Any CPU.Build.0 = Release|Any CPU
		{E7938EA6-69BB-420D-BE8F-64B0A057A7FF}.Debug|Any CPU.ActiveCfg = Debug|Any CPU
		{E7938EA6-69BB-420D-BE8F-64B0A057A7FF}.Debug|Any CPU.Build.0 = Debug|Any CPU
		{E7938EA6-69BB-420D-BE8F-64B0A057A7FF}.Release|Any CPU.ActiveCfg = Release|Any CPU
		{E7938EA6-69BB-420D-BE8F-64B0A057A7FF}.Release|Any CPU.Build.0 = Release|Any CPU
		{A33804E4-5C77-43C2-B80E-F1396B184991}.Debug|Any CPU.ActiveCfg = Debug|Any CPU
		{A33804E4-5C77-43C2-B80E-F1396B184991}.Debug|Any CPU.Build.0 = Debug|Any CPU
		{A33804E4-5C77-43C2-B80E-F1396B184991}.Release|Any CPU.ActiveCfg = Release|Any CPU
		{A33804E4-5C77-43C2-B80E-F1396B184991}.Release|Any CPU.Build.0 = Release|Any CPU
	EndGlobalSection
	GlobalSection(SolutionProperties) = preSolution
		HideSolutionNode = FALSE
	EndGlobalSection
	GlobalSection(NestedProjects) = preSolution
		{97BBA8FA-AA60-47A4-BF0D-0C43CCC8482B} = {C8D5274F-AC00-46C7-1F8D-E88E81087A52}
		{75E1D130-D244-4D89-99AD-56E9B245B18E} = {C8D5274F-AC00-46C7-1F8D-E88E81087A52}
		{0C05562B-9073-4525-B0FE-E48337A77528} = {C8D5274F-AC00-46C7-1F8D-E88E81087A52}
		{A2C18108-9BEF-4880-8360-75BAAEC45BA7} = {C8D5274F-AC00-46C7-1F8D-E88E81087A52}
		{82F18FE5-BD7C-44D3-A00A-9A62D909EC51} = {C8D5274F-AC00-46C7-1F8D-E88E81087A52}
		{9AB93E2D-86AD-48CB-8729-A9A6C32AA8C8} = {C8D5274F-AC00-46C7-1F8D-E88E81087A52}
		{CD911EB8-9D7F-48F0-9E37-592640076EA8} = {C8D5274F-AC00-46C7-1F8D-E88E81087A52}
		{B8BFCE90-E736-4553-BFF5-688EE06B053C} = {C8D5274F-AC00-46C7-1F8D-E88E81087A52}
		{BF386735-BD58-4D24-B342-066E323E836D} = {C8D5274F-AC00-46C7-1F8D-E88E81087A52}
		{E7938EA6-69BB-420D-BE8F-64B0A057A7FF} = {C8D5274F-AC00-46C7-1F8D-E88E81087A52}
		{A33804E4-5C77-43C2-B80E-F1396B184991} = {C8D5274F-AC00-46C7-1F8D-E88E81087A52}
	EndGlobalSection
	GlobalSection(ExtensibilityGlobals) = postSolution
		SolutionGuid = {96F9E939-F1E3-409C-BF26-593CAC1AEE7C}
	EndGlobalSection
EndGlobal
